// !$*UTF8*$!
{
	archiveVersion = 1;
	classes = {
	};
	objectVersion = 46;
	objects = {

/* Begin PBXBuildFile section */
		92403AC61C96A8AE0063911A /* main.m in Sources */ = {isa = PBXBuildFile; fileRef = 92403AC51C96A8AE0063911A /* main.m */; };
		92403AC91C96A8AE0063911A /* AppDelegate.m in Sources */ = {isa = PBXBuildFile; fileRef = 92403AC81C96A8AE0063911A /* AppDelegate.m */; };
		92403AD11C96A8AE0063911A /* Assets.xcassets in Resources */ = {isa = PBXBuildFile; fileRef = 92403AD01C96A8AE0063911A /* Assets.xcassets */; };
		92403AD41C96A8AE0063911A /* LaunchScreen.storyboard in Resources */ = {isa = PBXBuildFile; fileRef = 92403AD21C96A8AE0063911A /* LaunchScreen.storyboard */; };
		92403B9D1C97AC460063911A /* CustomTabBarVC.m in Sources */ = {isa = PBXBuildFile; fileRef = 92403B911C97AC460063911A /* CustomTabBarVC.m */; };
		92403B9E1C97AC460063911A /* tabbar_background.png in Resources */ = {isa = PBXBuildFile; fileRef = 92403B931C97AC460063911A /* tabbar_background.png */; };
		92403B9F1C97AC460063911A /* tabbar_button_binders_normal.png in Resources */ = {isa = PBXBuildFile; fileRef = 92403B941C97AC460063911A /* tabbar_button_binders_normal.png */; };
		92403BA01C97AC460063911A /* tabbar_button_binders_selected.png in Resources */ = {isa = PBXBuildFile; fileRef = 92403B951C97AC460063911A /* tabbar_button_binders_selected.png */; };
		92403BA11C97AC460063911A /* tabbar_button_centeradd.png in Resources */ = {isa = PBXBuildFile; fileRef = 92403B961C97AC460063911A /* tabbar_button_centeradd.png */; };
		92403BA21C97AC460063911A /* tabbar_button_notes_normal.png in Resources */ = {isa = PBXBuildFile; fileRef = 92403B971C97AC460063911A /* tabbar_button_notes_normal.png */; };
		92403BA31C97AC460063911A /* tabbar_button_notes_selected.png in Resources */ = {isa = PBXBuildFile; fileRef = 92403B981C97AC460063911A /* tabbar_button_notes_selected.png */; };
		92403BA41C97AC460063911A /* tabbar_button_sessions_normal.png in Resources */ = {isa = PBXBuildFile; fileRef = 92403B991C97AC460063911A /* tabbar_button_sessions_normal.png */; };
		92403BA51C97AC460063911A /* tabbar_button_sessions_selected.png in Resources */ = {isa = PBXBuildFile; fileRef = 92403B9A1C97AC460063911A /* tabbar_button_sessions_selected.png */; };
		92403BA61C97AC460063911A /* tabbar_button_updates_normal.png in Resources */ = {isa = PBXBuildFile; fileRef = 92403B9B1C97AC460063911A /* tabbar_button_updates_normal.png */; };
		92403BA71C97AC460063911A /* tabbar_button_updates_selected.png in Resources */ = {isa = PBXBuildFile; fileRef = 92403B9C1C97AC460063911A /* tabbar_button_updates_selected.png */; };
		92403BB31C97B0500063911A /* SelectViewController.m in Sources */ = {isa = PBXBuildFile; fileRef = 92403BB21C97B0500063911A /* SelectViewController.m */; };
		92403BB91C97B1840063911A /* MyViewController.m in Sources */ = {isa = PBXBuildFile; fileRef = 92403BB81C97B1840063911A /* MyViewController.m */; };
		92403BBC1C97B1E90063911A /* IssueViewController.m in Sources */ = {isa = PBXBuildFile; fileRef = 92403BBB1C97B1E90063911A /* IssueViewController.m */; };
		92403BBF1C97B2070063911A /* FriendListTableViewController.m in Sources */ = {isa = PBXBuildFile; fileRef = 92403BBE1C97B2070063911A /* FriendListTableViewController.m */; };
		92403BC21C97B21B0063911A /* FindTableViewController.m in Sources */ = {isa = PBXBuildFile; fileRef = 92403BC11C97B21B0063911A /* FindTableViewController.m */; };
/* End PBXBuildFile section */

/* Begin PBXFileReference section */
		92403AC11C96A8AE0063911A /* MyWork.app */ = {isa = PBXFileReference; explicitFileType = wrapper.application; includeInIndex = 0; path = MyWork.app; sourceTree = BUILT_PRODUCTS_DIR; };
		92403AC51C96A8AE0063911A /* main.m */ = {isa = PBXFileReference; lastKnownFileType = sourcecode.c.objc; path = main.m; sourceTree = "<group>"; };
		92403AC71C96A8AE0063911A /* AppDelegate.h */ = {isa = PBXFileReference; lastKnownFileType = sourcecode.c.h; path = AppDelegate.h; sourceTree = "<group>"; };
		92403AC81C96A8AE0063911A /* AppDelegate.m */ = {isa = PBXFileReference; lastKnownFileType = sourcecode.c.objc; path = AppDelegate.m; sourceTree = "<group>"; };
		92403AD01C96A8AE0063911A /* Assets.xcassets */ = {isa = PBXFileReference; lastKnownFileType = folder.assetcatalog; path = Assets.xcassets; sourceTree = "<group>"; };
		92403AD31C96A8AE0063911A /* Base */ = {isa = PBXFileReference; lastKnownFileType = file.storyboard; name = Base; path = Base.lproj/LaunchScreen.storyboard; sourceTree = "<group>"; };
		92403AD51C96A8AE0063911A /* Info.plist */ = {isa = PBXFileReference; lastKnownFileType = text.plist.xml; path = Info.plist; sourceTree = "<group>"; };
		92403B901C97AC460063911A /* CustomTabBarVC.h */ = {isa = PBXFileReference; fileEncoding = 4; lastKnownFileType = sourcecode.c.h; path = CustomTabBarVC.h; sourceTree = "<group>"; };
		92403B911C97AC460063911A /* CustomTabBarVC.m */ = {isa = PBXFileReference; fileEncoding = 4; lastKnownFileType = sourcecode.c.objc; path = CustomTabBarVC.m; sourceTree = "<group>"; };
		92403B931C97AC460063911A /* tabbar_background.png */ = {isa = PBXFileReference; lastKnownFileType = image.png; path = tabbar_background.png; sourceTree = "<group>"; };
		92403B941C97AC460063911A /* tabbar_button_binders_normal.png */ = {isa = PBXFileReference; lastKnownFileType = image.png; path = tabbar_button_binders_normal.png; sourceTree = "<group>"; };
		92403B951C97AC460063911A /* tabbar_button_binders_selected.png */ = {isa = PBXFileReference; lastKnownFileType = image.png; path = tabbar_button_binders_selected.png; sourceTree = "<group>"; };
		92403B961C97AC460063911A /* tabbar_button_centeradd.png */ = {isa = PBXFileReference; lastKnownFileType = image.png; path = tabbar_button_centeradd.png; sourceTree = "<group>"; };
		92403B971C97AC460063911A /* tabbar_button_notes_normal.png */ = {isa = PBXFileReference; lastKnownFileType = image.png; path = tabbar_button_notes_normal.png; sourceTree = "<group>"; };
		92403B981C97AC460063911A /* tabbar_button_notes_selected.png */ = {isa = PBXFileReference; lastKnownFileType = image.png; path = tabbar_button_notes_selected.png; sourceTree = "<group>"; };
		92403B991C97AC460063911A /* tabbar_button_sessions_normal.png */ = {isa = PBXFileReference; lastKnownFileType = image.png; path = tabbar_button_sessions_normal.png; sourceTree = "<group>"; };
		92403B9A1C97AC460063911A /* tabbar_button_sessions_selected.png */ = {isa = PBXFileReference; lastKnownFileType = image.png; path = tabbar_button_sessions_selected.png; sourceTree = "<group>"; };
		92403B9B1C97AC460063911A /* tabbar_button_updates_normal.png */ = {isa = PBXFileReference; lastKnownFileType = image.png; path = tabbar_button_updates_normal.png; sourceTree = "<group>"; };
		92403B9C1C97AC460063911A /* tabbar_button_updates_selected.png */ = {isa = PBXFileReference; lastKnownFileType = image.png; path = tabbar_button_updates_selected.png; sourceTree = "<group>"; };
		92403BAF1C97AE540063911A /* PrefixHeader.pch */ = {isa = PBXFileReference; lastKnownFileType = sourcecode.c.h; path = PrefixHeader.pch; sourceTree = "<group>"; };
		92403BB11C97B0500063911A /* SelectViewController.h */ = {isa = PBXFileReference; fileEncoding = 4; lastKnownFileType = sourcecode.c.h; path = SelectViewController.h; sourceTree = "<group>"; };
		92403BB21C97B0500063911A /* SelectViewController.m */ = {isa = PBXFileReference; fileEncoding = 4; lastKnownFileType = sourcecode.c.objc; path = SelectViewController.m; sourceTree = "<group>"; };
		92403BB71C97B1840063911A /* MyViewController.h */ = {isa = PBXFileReference; fileEncoding = 4; lastKnownFileType = sourcecode.c.h; path = MyViewController.h; sourceTree = "<group>"; };
		92403BB81C97B1840063911A /* MyViewController.m */ = {isa = PBXFileReference; fileEncoding = 4; lastKnownFileType = sourcecode.c.objc; path = MyViewController.m; sourceTree = "<group>"; };
		92403BBA1C97B1E90063911A /* IssueViewController.h */ = {isa = PBXFileReference; fileEncoding = 4; lastKnownFileType = sourcecode.c.h; path = IssueViewController.h; sourceTree = "<group>"; };
		92403BBB1C97B1E90063911A /* IssueViewController.m */ = {isa = PBXFileReference; fileEncoding = 4; lastKnownFileType = sourcecode.c.objc; path = IssueViewController.m; sourceTree = "<group>"; };
		92403BBD1C97B2070063911A /* FriendListTableViewController.h */ = {isa = PBXFileReference; fileEncoding = 4; lastKnownFileType = sourcecode.c.h; path = FriendListTableViewController.h; sourceTree = "<group>"; };
		92403BBE1C97B2070063911A /* FriendListTableViewController.m */ = {isa = PBXFileReference; fileEncoding = 4; lastKnownFileType = sourcecode.c.objc; path = FriendListTableViewController.m; sourceTree = "<group>"; };
		92403BC01C97B21B0063911A /* FindTableViewController.h */ = {isa = PBXFileReference; fileEncoding = 4; lastKnownFileType = sourcecode.c.h; path = FindTableViewController.h; sourceTree = "<group>"; };
		92403BC11C97B21B0063911A /* FindTableViewController.m */ = {isa = PBXFileReference; fileEncoding = 4; lastKnownFileType = sourcecode.c.objc; path = FindTableViewController.m; sourceTree = "<group>"; };
/* End PBXFileReference section */

/* Begin PBXFrameworksBuildPhase section */
		92403ABE1C96A8AE0063911A /* Frameworks */ = {
			isa = PBXFrameworksBuildPhase;
			buildActionMask = 2147483647;
			files = (
			);
			runOnlyForDeploymentPostprocessing = 0;
		};
/* End PBXFrameworksBuildPhase section */

/* Begin PBXGroup section */
		92403AB81C96A8AE0063911A = {
			isa = PBXGroup;
			children = (
				92403AC31C96A8AE0063911A /* MyWork */,
				92403AC21C96A8AE0063911A /* Products */,
			);
			sourceTree = "<group>";
		};
		92403AC21C96A8AE0063911A /* Products */ = {
			isa = PBXGroup;
			children = (
				92403AC11C96A8AE0063911A /* MyWork.app */,
			);
			name = Products;
			sourceTree = "<group>";
		};
		92403AC31C96A8AE0063911A /* MyWork */ = {
			isa = PBXGroup;
			children = (
				92403BB61C97B1700063911A /* Find */,
				92403BB51C97B1680063911A /* FriendList */,
				92403BB41C97B1020063911A /* Issue */,
				92403BB01C97AF7D0063911A /* Select */,
				92403BA81C97AD990063911A /* My */,
				92403AC71C96A8AE0063911A /* AppDelegate.h */,
				92403AC81C96A8AE0063911A /* AppDelegate.m */,
				92403B901C97AC460063911A /* CustomTabBarVC.h */,
				92403B911C97AC460063911A /* CustomTabBarVC.m */,
				92403B921C97AC460063911A /* imgs */,
				92403AD01C96A8AE0063911A /* Assets.xcassets */,
				92403AD21C96A8AE0063911A /* LaunchScreen.storyboard */,
				92403AD51C96A8AE0063911A /* Info.plist */,
				92403AC41C96A8AE0063911A /* Supporting Files */,
			);
			path = MyWork;
			sourceTree = "<group>";
		};
		92403AC41C96A8AE0063911A /* Supporting Files */ = {
			isa = PBXGroup;
			children = (
				92403AC51C96A8AE0063911A /* main.m */,
				92403BAF1C97AE540063911A /* PrefixHeader.pch */,
			);
			name = "Supporting Files";
			sourceTree = "<group>";
		};
		92403B921C97AC460063911A /* imgs */ = {
			isa = PBXGroup;
			children = (
				92403B931C97AC460063911A /* tabbar_background.png */,
				92403B941C97AC460063911A /* tabbar_button_binders_normal.png */,
				92403B951C97AC460063911A /* tabbar_button_binders_selected.png */,
				92403B961C97AC460063911A /* tabbar_button_centeradd.png */,
				92403B971C97AC460063911A /* tabbar_button_notes_normal.png */,
				92403B981C97AC460063911A /* tabbar_button_notes_selected.png */,
				92403B991C97AC460063911A /* tabbar_button_sessions_normal.png */,
				92403B9A1C97AC460063911A /* tabbar_button_sessions_selected.png */,
				92403B9B1C97AC460063911A /* tabbar_button_updates_normal.png */,
				92403B9C1C97AC460063911A /* tabbar_button_updates_selected.png */,
			);
			path = imgs;
			sourceTree = "<group>";
		};
		92403BA81C97AD990063911A /* My */ = {
			isa = PBXGroup;
			children = (
				92403BB71C97B1840063911A /* MyViewController.h */,
				92403BB81C97B1840063911A /* MyViewController.m */,
			);
			path = My;
			sourceTree = "<group>";
		};
		92403BB01C97AF7D0063911A /* Select */ = {
			isa = PBXGroup;
			children = (
				92403BB11C97B0500063911A /* SelectViewController.h */,
				92403BB21C97B0500063911A /* SelectViewController.m */,
			);
			path = Select;
			sourceTree = "<group>";
		};
		92403BB41C97B1020063911A /* Issue */ = {
			isa = PBXGroup;
			children = (
				92403BBA1C97B1E90063911A /* IssueViewController.h */,
				92403BBB1C97B1E90063911A /* IssueViewController.m */,
			);
			path = Issue;
			sourceTree = "<group>";
		};
		92403BB51C97B1680063911A /* FriendList */ = {
			isa = PBXGroup;
			children = (
				92403BBD1C97B2070063911A /* FriendListTableViewController.h */,
				92403BBE1C97B2070063911A /* FriendListTableViewController.m */,
			);
			path = FriendList;
			sourceTree = "<group>";
		};
		92403BB61C97B1700063911A /* Find */ = {
			isa = PBXGroup;
			children = (
				92403BC01C97B21B0063911A /* FindTableViewController.h */,
				92403BC11C97B21B0063911A /* FindTableViewController.m */,
			);
			path = Find;
			sourceTree = "<group>";
		};
/* End PBXGroup section */

/* Begin PBXNativeTarget section */
		92403AC01C96A8AE0063911A /* MyWork */ = {
			isa = PBXNativeTarget;
			buildConfigurationList = 92403AD81C96A8AE0063911A /* Build configuration list for PBXNativeTarget "MyWork" */;
			buildPhases = (
				92403ABD1C96A8AE0063911A /* Sources */,
				92403ABE1C96A8AE0063911A /* Frameworks */,
				92403ABF1C96A8AE0063911A /* Resources */,
			);
			buildRules = (
			);
			dependencies = (
			);
			name = MyWork;
			productName = MyWork;
			productReference = 92403AC11C96A8AE0063911A /* MyWork.app */;
			productType = "com.apple.product-type.application";
		};
/* End PBXNativeTarget section */

/* Begin PBXProject section */
		92403AB91C96A8AE0063911A /* Project object */ = {
			isa = PBXProject;
			attributes = {
				LastUpgradeCheck = 0720;
				ORGANIZATIONNAME = Sea;
				TargetAttributes = {
					92403AC01C96A8AE0063911A = {
						CreatedOnToolsVersion = 7.2.1;
					};
				};
			};
			buildConfigurationList = 92403ABC1C96A8AE0063911A /* Build configuration list for PBXProject "MyWork" */;
			compatibilityVersion = "Xcode 3.2";
			developmentRegion = English;
			hasScannedForEncodings = 0;
			knownRegions = (
				en,
				Base,
			);
			mainGroup = 92403AB81C96A8AE0063911A;
			productRefGroup = 92403AC21C96A8AE0063911A /* Products */;
			projectDirPath = "";
			projectRoot = "";
			targets = (
				92403AC01C96A8AE0063911A /* MyWork */,
			);
		};
/* End PBXProject section */

/* Begin PBXResourcesBuildPhase section */
		92403ABF1C96A8AE0063911A /* Resources */ = {
			isa = PBXResourcesBuildPhase;
			buildActionMask = 2147483647;
			files = (
				92403B9F1C97AC460063911A /* tabbar_button_binders_normal.png in Resources */,
				92403BA61C97AC460063911A /* tabbar_button_updates_normal.png in Resources */,
				92403BA01C97AC460063911A /* tabbar_button_binders_selected.png in Resources */,
				92403AD41C96A8AE0063911A /* LaunchScreen.storyboard in Resources */,
				92403B9E1C97AC460063911A /* tabbar_background.png in Resources */,
				92403BA71C97AC460063911A /* tabbar_button_updates_selected.png in Resources */,
				92403BA31C97AC460063911A /* tabbar_button_notes_selected.png in Resources */,
				92403BA11C97AC460063911A /* tabbar_button_centeradd.png in Resources */,
				92403AD11C96A8AE0063911A /* Assets.xcassets in Resources */,
				92403BA21C97AC460063911A /* tabbar_button_notes_normal.png in Resources */,
				92403BA41C97AC460063911A /* tabbar_button_sessions_normal.png in Resources */,
				92403BA51C97AC460063911A /* tabbar_button_sessions_selected.png in Resources */,
			);
			runOnlyForDeploymentPostprocessing = 0;
		};
/* End PBXResourcesBuildPhase section */

/* Begin PBXSourcesBuildPhase section */
		92403ABD1C96A8AE0063911A /* Sources */ = {
			isa = PBXSourcesBuildPhase;
			buildActionMask = 2147483647;
			files = (
				92403AC91C96A8AE0063911A /* AppDelegate.m in Sources */,
				92403AC61C96A8AE0063911A /* main.m in Sources */,
				92403BBF1C97B2070063911A /* FriendListTableViewController.m in Sources */,
				92403BBC1C97B1E90063911A /* IssueViewController.m in Sources */,
				92403BC21C97B21B0063911A /* FindTableViewController.m in Sources */,
				92403B9D1C97AC460063911A /* CustomTabBarVC.m in Sources */,
				92403BB31C97B0500063911A /* SelectViewController.m in Sources */,
				92403BB91C97B1840063911A /* MyViewController.m in Sources */,
			);
			runOnlyForDeploymentPostprocessing = 0;
		};
/* End PBXSourcesBuildPhase section */

/* Begin PBXVariantGroup section */
		92403AD21C96A8AE0063911A /* LaunchScreen.storyboard */ = {
			isa = PBXVariantGroup;
			children = (
				92403AD31C96A8AE0063911A /* Base */,
			);
			name = LaunchScreen.storyboard;
			sourceTree = "<group>";
		};
/* End PBXVariantGroup section */

/* Begin XCBuildConfiguration section */
		92403AD61C96A8AE0063911A /* Debug */ = {
			isa = XCBuildConfiguration;
			buildSettings = {
				ALWAYS_SEARCH_USER_PATHS = NO;
				CLANG_CXX_LANGUAGE_STANDARD = "gnu++0x";
				CLANG_CXX_LIBRARY = "libc++";
				CLANG_ENABLE_MODULES = YES;
				CLANG_ENABLE_OBJC_ARC = YES;
				CLANG_WARN_BOOL_CONVERSION = YES;
				CLANG_WARN_CONSTANT_CONVERSION = YES;
				CLANG_WARN_DIRECT_OBJC_ISA_USAGE = YES_ERROR;
				CLANG_WARN_EMPTY_BODY = YES;
				CLANG_WARN_ENUM_CONVERSION = YES;
				CLANG_WARN_INT_CONVERSION = YES;
				CLANG_WARN_OBJC_ROOT_CLASS = YES_ERROR;
				CLANG_WARN_UNREACHABLE_CODE = YES;
				CLANG_WARN__DUPLICATE_METHOD_MATCH = YES;
				"CODE_SIGN_IDENTITY[sdk=iphoneos*]" = "iPhone Developer";
				COPY_PHASE_STRIP = NO;
				DEBUG_INFORMATION_FORMAT = dwarf;
				ENABLE_STRICT_OBJC_MSGSEND = YES;
				ENABLE_TESTABILITY = YES;
				GCC_C_LANGUAGE_STANDARD = gnu99;
				GCC_DYNAMIC_NO_PIC = NO;
				GCC_NO_COMMON_BLOCKS = YES;
				GCC_OPTIMIZATION_LEVEL = 0;
				GCC_PREPROCESSOR_DEFINITIONS = (
					"DEBUG=1",
					"$(inherited)",
				);
				GCC_WARN_64_TO_32_BIT_CONVERSION = YES;
				GCC_WARN_ABOUT_RETURN_TYPE = YES_ERROR;
				GCC_WARN_UNDECLARED_SELECTOR = YES;
				GCC_WARN_UNINITIALIZED_AUTOS = YES_AGGRESSIVE;
				GCC_WARN_UNUSED_FUNCTION = YES;
				GCC_WARN_UNUSED_VARIABLE = YES;
				IPHONEOS_DEPLOYMENT_TARGET = 9.2;
				MTL_ENABLE_DEBUG_INFO = YES;
				ONLY_ACTIVE_ARCH = YES;
				SDKROOT = iphoneos;
			};
			name = Debug;
		};
		92403AD71C96A8AE0063911A /* Release */ = {
			isa = XCBuildConfiguration;
			buildSettings = {
				ALWAYS_SEARCH_USER_PATHS = NO;
				CLANG_CXX_LANGUAGE_STANDARD = "gnu++0x";
				CLANG_CXX_LIBRARY = "libc++";
				CLANG_ENABLE_MODULES = YES;
				CLANG_ENABLE_OBJC_ARC = YES;
				CLANG_WARN_BOOL_CONVERSION = YES;
				CLANG_WARN_CONSTANT_CONVERSION = YES;
				CLANG_WARN_DIRECT_OBJC_ISA_USAGE = YES_ERROR;
				CLANG_WARN_EMPTY_BODY = YES;
				CLANG_WARN_ENUM_CONVERSION = YES;
				CLANG_WARN_INT_CONVERSION = YES;
				CLANG_WARN_OBJC_ROOT_CLASS = YES_ERROR;
				CLANG_WARN_UNREACHABLE_CODE = YES;
				CLANG_WARN__DUPLICATE_METHOD_MATCH = YES;
				"CODE_SIGN_IDENTITY[sdk=iphoneos*]" = "iPhone Developer";
				COPY_PHASE_STRIP = NO;
				DEBUG_INFORMATION_FORMAT = "dwarf-with-dsym";
				ENABLE_NS_ASSERTIONS = NO;
				ENABLE_STRICT_OBJC_MSGSEND = YES;
				GCC_C_LANGUAGE_STANDARD = gnu99;
				GCC_NO_COMMON_BLOCKS = YES;
				GCC_WARN_64_TO_32_BIT_CONVERSION = YES;
				GCC_WARN_ABOUT_RETURN_TYPE = YES_ERROR;
				GCC_WARN_UNDECLARED_SELECTOR = YES;
				GCC_WARN_UNINITIALIZED_AUTOS = YES_AGGRESSIVE;
				GCC_WARN_UNUSED_FUNCTION = YES;
				GCC_WARN_UNUSED_VARIABLE = YES;
				IPHONEOS_DEPLOYMENT_TARGET = 9.2;
				MTL_ENABLE_DEBUG_INFO = NO;
				SDKROOT = iphoneos;
				VALIDATE_PRODUCT = YES;
			};
			name = Release;
		};
		92403AD91C96A8AE0063911A /* Debug */ = {
			isa = XCBuildConfiguration;
			buildSettings = {
				ASSETCATALOG_COMPILER_APPICON_NAME = AppIcon;
				GCC_PREFIX_HEADER = "$(SRCROOT)/MyWork/PrefixHeader.pch";
				INFOPLIST_FILE = MyWork/Info.plist;
				LD_RUNPATH_SEARCH_PATHS = "$(inherited) @executable_path/Frameworks";
				PRODUCT_BUNDLE_IDENTIFIER = haiyang.MyWork;
				PRODUCT_NAME = "$(TARGET_NAME)";
			};
			name = Debug;
		};
		92403ADA1C96A8AE0063911A /* Release */ = {
			isa = XCBuildConfiguration;
			buildSettings = {
				ASSETCATALOG_COMPILER_APPICON_NAME = AppIcon;
				GCC_PREFIX_HEADER = "$(SRCROOT)/MyWork/PrefixHeader.pch";
				INFOPLIST_FILE = MyWork/Info.plist;
				LD_RUNPATH_SEARCH_PATHS = "$(inherited) @executable_path/Frameworks";
				PRODUCT_BUNDLE_IDENTIFIER = haiyang.MyWork;
				PRODUCT_NAME = "$(TARGET_NAME)";
			};
			name = Release;
		};
/* End XCBuildConfiguration section */

/* Begin XCConfigurationList section */
		92403ABC1C96A8AE0063911A /* Build configuration list for PBXProject "MyWork" */ = {
			isa = XCConfigurationList;
			buildConfigurations = (
				92403AD61C96A8AE0063911A /* Debug */,
				92403AD71C96A8AE0063911A /* Release */,
			);
			defaultConfigurationIsVisible = 0;
			defaultConfigurationName = Release;
		};
		92403AD81C96A8AE0063911A /* Build configuration list for PBXNativeTarget "MyWork" */ = {
			isa = XCConfigurationList;
			buildConfigurations = (
				92403AD91C96A8AE0063911A /* Debug */,
				92403ADA1C96A8AE0063911A /* Release */,
			);
			defaultConfigurationIsVisible = 0;
			defaultConfigurationName = Release;
		};
/* End XCConfigurationList section */
	};
	rootObject = 92403AB91C96A8AE0063911A /* Project object */;
}
